{
  "version": 4,
  "terraform_version": "1.12.2",
  "serial": 9,
  "lineage": "9e537e84-f2d6-1b02-1a5c-68b4a1020bd5",
  "outputs": {
    "key_pair_private_key_path": {
      "value": "~/.ssh/id_rsa",
      "type": "string"
    }
  },
  "resources": [
    {
      "mode": "managed",
      "type": "aws_internet_gateway",
      "name": "yolo_igw",
      "provider": "provider[\"registry.terraform.io/hashicorp/aws\"]",
      "instances": [
        {
          "schema_version": 0,
          "attributes": {
            "arn": "arn:aws:ec2:us-east-1:754810878197:internet-gateway/igw-0f391840ebc512072",
            "id": "igw-0f391840ebc512072",
            "owner_id": "754810878197",
            "region": "us-east-1",
            "tags": {
              "Name": "yolo-igw"
            },
            "tags_all": {
              "Name": "yolo-igw"
            },
            "timeouts": null,
            "vpc_id": "vpc-069293d390ac066fb"
          },
          "sensitive_attributes": [],
          "identity_schema_version": 0,
          "private": "eyJlMmJmYjczMC1lY2FhLTExZTYtOGY4OC0zNDM2M2JjN2M0YzAiOnsiY3JlYXRlIjoxMjAwMDAwMDAwMDAwLCJkZWxldGUiOjEyMDAwMDAwMDAwMDAsInVwZGF0ZSI6MTIwMDAwMDAwMDAwMH19",
          "dependencies": [
            "aws_vpc.yolo_vpc"
          ]
        }
      ]
    },
    {
      "mode": "managed",
      "type": "aws_key_pair",
      "name": "yolo_key_pair",
      "provider": "provider[\"registry.terraform.io/hashicorp/aws\"]",
      "instances": [
        {
          "schema_version": 1,
          "attributes": {
            "arn": "arn:aws:ec2:us-east-1:754810878197:key-pair/yolo-key",
            "fingerprint": "ea:f4:64:b0:d5:54:64:65:ca:29:fb:b9:86:ce:db:91",
            "id": "yolo-key",
            "key_name": "yolo-key",
            "key_name_prefix": "",
            "key_pair_id": "key-031c98f846bb1fd4b",
            "key_type": "rsa",
            "public_key": "ssh-rsa AAAAB3NzaC1yc2EAAAADAQABAAACAQChJqFvGeOrFdelD02BJ6I9vbSIjagR/JGz8aBLGF3M0T2UTSLGeyM/1ZikHSJiSOaQpdDY1zH/I3AMaHXrSOaJbkArc7v7HmA88cPvwQFX9LzynyLe+fyFkmeeSMmbPuNkgcIiqszhoQCcCRETDHFmgneYnai3Q1lIsLBR55ThXuTZdSu+R3dh5Jjeyx6uNzZx5jzh9AU6eGLzcb2T7O1f0OHBOpjTXrlOiBgzubSDlDXbWdLvsmHiBZuhuJ1RMFXxH8G3SBKzbFHqS43Hy7uBrNAasNY5C0FKtglxaupLf1D3MhTFTDHp9qC/jCx2wpiJBj5Kt2NUw6GXHyY1apNOQm2Bw/xufMs+/GW7uVU9B7grtzuXzlg0fa5Q04wbTw1ZLLUqcTYNfCkKWkqDSaXlEQ7HfwixmMQQx9KRVk8VwbJR9OWdR6yy2CEUGVJnm+a4ZU1P417eKH3fBJKUOqB4rdSfuilgZGNVP4rfHHadbQ/FiURH8XOgq8Wtf7fVpfQ0B3JPiwJkE93kBrfUBndkmABTVp/qOgDEwaDtKy4YrCTFG7pkvxny7JoiDeribFjdlxhNxYY40kkHxqaahWM+2I4zhsNAZ4BWFn8tn0KZ/Z568dV+hCr41efldfc11jitZTp9BaXe78LR9RR/WEy1Saulb1mzwMWSiOK/T6dXWQ== tim@tim-thoithi",
            "region": "us-east-1",
            "tags": null,
            "tags_all": {}
          },
          "sensitive_attributes": [],
          "identity_schema_version": 0,
          "private": "eyJzY2hlbWFfdmVyc2lvbiI6IjEifQ=="
        }
      ]
    },
    {
      "mode": "managed",
      "type": "aws_route_table",
      "name": "yolo_route_table",
      "provider": "provider[\"registry.terraform.io/hashicorp/aws\"]",
      "instances": [
        {
          "schema_version": 0,
          "attributes": {
            "arn": "arn:aws:ec2:us-east-1:754810878197:route-table/rtb-0322460cd367601de",
            "id": "rtb-0322460cd367601de",
            "owner_id": "754810878197",
            "propagating_vgws": [],
            "region": "us-east-1",
            "route": [
              {
                "carrier_gateway_id": "",
                "cidr_block": "0.0.0.0/0",
                "core_network_arn": "",
                "destination_prefix_list_id": "",
                "egress_only_gateway_id": "",
                "gateway_id": "igw-0f391840ebc512072",
                "ipv6_cidr_block": "",
                "local_gateway_id": "",
                "nat_gateway_id": "",
                "network_interface_id": "",
                "transit_gateway_id": "",
                "vpc_endpoint_id": "",
                "vpc_peering_connection_id": ""
              }
            ],
            "tags": {
              "Name": "yolo-route-table"
            },
            "tags_all": {
              "Name": "yolo-route-table"
            },
            "timeouts": null,
            "vpc_id": "vpc-069293d390ac066fb"
          },
          "sensitive_attributes": [],
          "identity_schema_version": 0,
          "private": "eyJlMmJmYjczMC1lY2FhLTExZTYtOGY4OC0zNDM2M2JjN2M0YzAiOnsiY3JlYXRlIjozMDAwMDAwMDAwMDAsImRlbGV0ZSI6MzAwMDAwMDAwMDAwLCJ1cGRhdGUiOjEyMDAwMDAwMDAwMH19",
          "dependencies": [
            "aws_internet_gateway.yolo_igw",
            "aws_vpc.yolo_vpc"
          ]
        }
      ]
    },
    {
      "mode": "managed",
      "type": "aws_route_table_association",
      "name": "yolo_rta",
      "provider": "provider[\"registry.terraform.io/hashicorp/aws\"]",
      "instances": [
        {
          "schema_version": 0,
          "attributes": {
            "gateway_id": "",
            "id": "rtbassoc-09668028e7b2cd0c9",
            "region": "us-east-1",
            "route_table_id": "rtb-0322460cd367601de",
            "subnet_id": "subnet-07ef7b637f3c25851",
            "timeouts": null
          },
          "sensitive_attributes": [],
          "identity_schema_version": 0,
          "private": "eyJlMmJmYjczMC1lY2FhLTExZTYtOGY4OC0zNDM2M2JjN2M0YzAiOnsiY3JlYXRlIjozMDAwMDAwMDAwMDAsImRlbGV0ZSI6MzAwMDAwMDAwMDAwLCJ1cGRhdGUiOjEyMDAwMDAwMDAwMH19",
          "dependencies": [
            "aws_internet_gateway.yolo_igw",
            "aws_route_table.yolo_route_table",
            "aws_subnet.yolo_subnet",
            "aws_vpc.yolo_vpc"
          ]
        }
      ]
    },
    {
      "mode": "managed",
      "type": "aws_security_group",
      "name": "yolo_sg",
      "provider": "provider[\"registry.terraform.io/hashicorp/aws\"]",
      "instances": [
        {
          "schema_version": 1,
          "attributes": {
            "arn": "arn:aws:ec2:us-east-1:754810878197:security-group/sg-0102bb9eda65da09e",
            "description": "Allow SSH, HTTP, and custom ports for YOLO app",
            "egress": [
              {
                "cidr_blocks": [
                  "0.0.0.0/0"
                ],
                "description": "",
                "from_port": 0,
                "ipv6_cidr_blocks": [],
                "prefix_list_ids": [],
                "protocol": "-1",
                "security_groups": [],
                "self": false,
                "to_port": 0
              }
            ],
            "id": "sg-0102bb9eda65da09e",
            "ingress": [
              {
                "cidr_blocks": [
                  "0.0.0.0/0"
                ],
                "description": "Backend app port from anywhere",
                "from_port": 5000,
                "ipv6_cidr_blocks": [],
                "prefix_list_ids": [],
                "protocol": "tcp",
                "security_groups": [],
                "self": false,
                "to_port": 5000
              },
              {
                "cidr_blocks": [
                  "0.0.0.0/0"
                ],
                "description": "Frontend app port from anywhere",
                "from_port": 3000,
                "ipv6_cidr_blocks": [],
                "prefix_list_ids": [],
                "protocol": "tcp",
                "security_groups": [],
                "self": false,
                "to_port": 3000
              },
              {
                "cidr_blocks": [
                  "0.0.0.0/0"
                ],
                "description": "HTTP from anywhere",
                "from_port": 80,
                "ipv6_cidr_blocks": [],
                "prefix_list_ids": [],
                "protocol": "tcp",
                "security_groups": [],
                "self": false,
                "to_port": 80
              },
              {
                "cidr_blocks": [
                  "0.0.0.0/0"
                ],
                "description": "MongoDB port from anywhere",
                "from_port": 27017,
                "ipv6_cidr_blocks": [],
                "prefix_list_ids": [],
                "protocol": "tcp",
                "security_groups": [],
                "self": false,
                "to_port": 27017
              },
              {
                "cidr_blocks": [
                  "0.0.0.0/0"
                ],
                "description": "SSH from anywhere",
                "from_port": 22,
                "ipv6_cidr_blocks": [],
                "prefix_list_ids": [],
                "protocol": "tcp",
                "security_groups": [],
                "self": false,
                "to_port": 22
              }
            ],
            "name": "yolo-sg",
            "name_prefix": "",
            "owner_id": "754810878197",
            "region": "us-east-1",
            "revoke_rules_on_delete": false,
            "tags": {
              "Name": "yolo-sg"
            },
            "tags_all": {
              "Name": "yolo-sg"
            },
            "timeouts": null,
            "vpc_id": "vpc-069293d390ac066fb"
          },
          "sensitive_attributes": [],
          "identity_schema_version": 0,
          "private": "eyJlMmJmYjczMC1lY2FhLTExZTYtOGY4OC0zNDM2M2JjN2M0YzAiOnsiY3JlYXRlIjo2MDAwMDAwMDAwMDAsImRlbGV0ZSI6OTAwMDAwMDAwMDAwfSwic2NoZW1hX3ZlcnNpb24iOiIxIn0=",
          "dependencies": [
            "aws_vpc.yolo_vpc"
          ]
        }
      ]
    },
    {
      "mode": "managed",
      "type": "aws_subnet",
      "name": "yolo_subnet",
      "provider": "provider[\"registry.terraform.io/hashicorp/aws\"]",
      "instances": [
        {
          "schema_version": 1,
          "attributes": {
            "arn": "arn:aws:ec2:us-east-1:754810878197:subnet/subnet-07ef7b637f3c25851",
            "assign_ipv6_address_on_creation": false,
            "availability_zone": "us-east-1a",
            "availability_zone_id": "use1-az4",
            "cidr_block": "10.0.1.0/24",
            "customer_owned_ipv4_pool": "",
            "enable_dns64": false,
            "enable_lni_at_device_index": 0,
            "enable_resource_name_dns_a_record_on_launch": false,
            "enable_resource_name_dns_aaaa_record_on_launch": false,
            "id": "subnet-07ef7b637f3c25851",
            "ipv6_cidr_block": "",
            "ipv6_cidr_block_association_id": "",
            "ipv6_native": false,
            "map_customer_owned_ip_on_launch": false,
            "map_public_ip_on_launch": false,
            "outpost_arn": "",
            "owner_id": "754810878197",
            "private_dns_hostname_type_on_launch": "ip-name",
            "region": "us-east-1",
            "tags": {
              "Name": "yolo-subnet"
            },
            "tags_all": {
              "Name": "yolo-subnet"
            },
            "timeouts": null,
            "vpc_id": "vpc-069293d390ac066fb"
          },
          "sensitive_attributes": [],
          "identity_schema_version": 0,
          "private": "eyJlMmJmYjczMC1lY2FhLTExZTYtOGY4OC0zNDM2M2JjN2M0YzAiOnsiY3JlYXRlIjo2MDAwMDAwMDAwMDAsImRlbGV0ZSI6MTIwMDAwMDAwMDAwMH0sInNjaGVtYV92ZXJzaW9uIjoiMSJ9",
          "dependencies": [
            "aws_vpc.yolo_vpc"
          ]
        }
      ]
    },
    {
      "mode": "managed",
      "type": "aws_vpc",
      "name": "yolo_vpc",
      "provider": "provider[\"registry.terraform.io/hashicorp/aws\"]",
      "instances": [
        {
          "schema_version": 1,
          "attributes": {
            "arn": "arn:aws:ec2:us-east-1:754810878197:vpc/vpc-069293d390ac066fb",
            "assign_generated_ipv6_cidr_block": false,
            "cidr_block": "10.0.0.0/16",
            "default_network_acl_id": "acl-01985810cc3006d2a",
            "default_route_table_id": "rtb-0af3cdfec27c4e291",
            "default_security_group_id": "sg-00398da84c8f5a3be",
            "dhcp_options_id": "dopt-037015bfb2e4f1bb5",
            "enable_dns_hostnames": false,
            "enable_dns_support": true,
            "enable_network_address_usage_metrics": false,
            "id": "vpc-069293d390ac066fb",
            "instance_tenancy": "default",
            "ipv4_ipam_pool_id": null,
            "ipv4_netmask_length": null,
            "ipv6_association_id": "",
            "ipv6_cidr_block": "",
            "ipv6_cidr_block_network_border_group": "",
            "ipv6_ipam_pool_id": "",
            "ipv6_netmask_length": 0,
            "main_route_table_id": "rtb-0af3cdfec27c4e291",
            "owner_id": "754810878197",
            "region": "us-east-1",
            "tags": {
              "Name": "yolo-vpc"
            },
            "tags_all": {
              "Name": "yolo-vpc"
            }
          },
          "sensitive_attributes": [],
          "identity_schema_version": 0,
          "private": "eyJzY2hlbWFfdmVyc2lvbiI6IjEifQ=="
        }
      ]
    }
  ],
  "check_results": null
}
